// !$*UTF8*$!
{
	archiveVersion = 1;
	classes = {
	};
	objectVersion = 50;
	objects = {

/* Begin PBXBuildFile section */
		C1AA17BB24C7706900C9D01B /* AppDelegate.swift in Sources */ = {isa = PBXBuildFile; fileRef = C1AA17BA24C7706900C9D01B /* AppDelegate.swift */; };
		C1AA17BD24C7706900C9D01B /* SceneDelegate.swift in Sources */ = {isa = PBXBuildFile; fileRef = C1AA17BC24C7706900C9D01B /* SceneDelegate.swift */; };
		C1AA17BF24C7706900C9D01B /* ContentView.swift in Sources */ = {isa = PBXBuildFile; fileRef = C1AA17BE24C7706900C9D01B /* ContentView.swift */; };
		C1AA17C124C7706A00C9D01B /* Assets.xcassets in Resources */ = {isa = PBXBuildFile; fileRef = C1AA17C024C7706A00C9D01B /* Assets.xcassets */; };
		C1AA17C424C7706A00C9D01B /* Preview Assets.xcassets in Resources */ = {isa = PBXBuildFile; fileRef = C1AA17C324C7706A00C9D01B /* Preview Assets.xcassets */; };
		C1AA17C724C7706A00C9D01B /* LaunchScreen.storyboard in Resources */ = {isa = PBXBuildFile; fileRef = C1AA17C524C7706A00C9D01B /* LaunchScreen.storyboard */; };
/* End PBXBuildFile section */

/* Begin PBXFileReference section */
		C1AA17B724C7706900C9D01B /* scrollablecities.app */ = {isa = PBXFileReference; explicitFileType = wrapper.application; includeInIndex = 0; path = scrollablecities.app; sourceTree = BUILT_PRODUCTS_DIR; };
		C1AA17BA24C7706900C9D01B /* AppDelegate.swift */ = {isa = PBXFileReference; lastKnownFileType = sourcecode.swift; path = AppDelegate.swift; sourceTree = "<group>"; };
		C1AA17BC24C7706900C9D01B /* SceneDelegate.swift */ = {isa = PBXFileReference; lastKnownFileType = sourcecode.swift; path = SceneDelegate.swift; sourceTree = "<group>"; };
		C1AA17BE24C7706900C9D01B /* ContentView.swift */ = {isa = PBXFileReference; lastKnownFileType = sourcecode.swift; path = ContentView.swift; sourceTree = "<group>"; };
		C1AA17C024C7706A00C9D01B /* Assets.xcassets */ = {isa = PBXFileReference; lastKnownFileType = folder.assetcatalog; path = Assets.xcassets; sourceTree = "<group>"; };
		C1AA17C324C7706A00C9D01B /* Preview Assets.xcassets */ = {isa = PBXFileReference; lastKnownFileType = folder.assetcatalog; path = "Preview Assets.xcassets"; sourceTree = "<group>"; };
		C1AA17C624C7706A00C9D01B /* Base */ = {isa = PBXFileReference; lastKnownFileType = file.storyboard; name = Base; path = Base.lproj/LaunchScreen.storyboard; sourceTree = "<group>"; };
		C1AA17C824C7706A00C9D01B /* Info.plist */ = {isa = PBXFileReference; lastKnownFileType = text.plist.xml; path = Info.plist; sourceTree = "<group>"; };
/* End PBXFileReference section */

/* Begin PBXFrameworksBuildPhase section */
		C1AA17B424C7706900C9D01B /* Frameworks */ = {
			isa = PBXFrameworksBuildPhase;
			buildActionMask = 2147483647;
			files = (
			);
			runOnlyForDeploymentPostprocessing = 0;
		};
/* End PBXFrameworksBuildPhase section */

/* Begin PBXGroup section */
		C1AA17AE24C7706900C9D01B = {
			isa = PBXGroup;
			children = (
				C1AA17B924C7706900C9D01B /* scrollablecities */,
				C1AA17B824C7706900C9D01B /* Products */,
			);
			sourceTree = "<group>";
		};
		C1AA17B824C7706900C9D01B /* Products */ = {
			isa = PBXGroup;
			children = (
				C1AA17B724C7706900C9D01B /* scrollablecities.app */,
			);
			name = Products;
			sourceTree = "<group>";
		};
		C1AA17B924C7706900C9D01B /* scrollablecities */ = {
			isa = PBXGroup;
			children = (
				C1AA17BA24C7706900C9D01B /* AppDelegate.swift */,
				C1AA17BC24C7706900C9D01B /* SceneDelegate.swift */,
				C1AA17BE24C7706900C9D01B /* ContentView.swift */,
				C1AA17C024C7706A00C9D01B /* Assets.xcassets */,
				C1AA17C524C7706A00C9D01B /* LaunchScreen.storyboard */,
				C1AA17C824C7706A00C9D01B /* Info.plist */,
				C1AA17C224C7706A00C9D01B /* Preview Content */,
			);
			path = scrollablecities;
			sourceTree = "<group>";
		};
		C1AA17C224C7706A00C9D01B /* Preview Content */ = {
			isa = PBXGroup;
			children = (
				C1AA17C324C7706A00C9D01B /* Preview Assets.xcassets */,
			);
			path = "Preview Content";
			sourceTree = "<group>";
		};
/* End PBXGroup section */

/* Begin PBXNativeTarget section */
		C1AA17B624C7706900C9D01B /* scrollablecities */ = {
			isa = PBXNativeTarget;
			buildConfigurationList = C1AA17CB24C7706A00C9D01B /* Build configuration list for PBXNativeTarget "scrollablecities" */;
			buildPhases = (
				C1AA17B324C7706900C9D01B /* Sources */,
				C1AA17B424C7706900C9D01B /* Frameworks */,
				C1AA17B524C7706900C9D01B /* Resources */,
			);
			buildRules = (
			);
			dependencies = (
			);
			name = scrollablecities;
			productName = scrollablecities;
			productReference = C1AA17B724C7706900C9D01B /* scrollablecities.app */;
			productType = "com.apple.product-type.application";
		};
/* End PBXNativeTarget section */

/* Begin PBXProject section */
		C1AA17AF24C7706900C9D01B /* Project object */ = {
			isa = PBXProject;
			attributes = {
				LastSwiftUpdateCheck = 1160;
				LastUpgradeCheck = 1160;
				ORGANIZATIONNAME = Aditi;
				TargetAttributes = {
					C1AA17B624C7706900C9D01B = {
						CreatedOnToolsVersion = 11.6;
					};
				};
			};
			buildConfigurationList = C1AA17B224C7706900C9D01B /* Build configuration list for PBXProject "scrollablecities" */;
			compatibilityVersion = "Xcode 9.3";
			developmentRegion = en;
			hasScannedForEncodings = 0;
			knownRegions = (
				en,
				Base,
			);
			mainGroup = C1AA17AE24C7706900C9D01B;
			productRefGroup = C1AA17B824C7706900C9D01B /* Products */;
			projectDirPath = "";
			projectRoot = "";
			targets = (
				C1AA17B624C7706900C9D01B /* scrollablecities */,
			);
		};
/* End PBXProject section */

/* Begin PBXResourcesBuildPhase section */
		C1AA17B524C7706900C9D01B /* Resources */ = {
			isa = PBXResourcesBuildPhase;
			buildActionMask = 2147483647;
			files = (
				C1AA17C724C7706A00C9D01B /* LaunchScreen.storyboard in Resources */,
				C1AA17C424C7706A00C9D01B /* Preview Assets.xcassets in Resources */,
				C1AA17C124C7706A00C9D01B /* Assets.xcassets in Resources */,
			);
			runOnlyForDeploymentPostprocessing = 0;
		};
/* End PBXResourcesBuildPhase section */

/* Begin PBXSourcesBuildPhase section */
		C1AA17B324C7706900C9D01B /* Sources */ = {
			isa = PBXSourcesBuildPhase;
			buildActionMask = 2147483647;
			files = (
				C1AA17BB24C7706900C9D01B /* AppDelegate.swift in Sources */,
				C1AA17BD24C7706900C9D01B /* SceneDelegate.swift in Sources */,
				C1AA17BF24C7706900C9D01B /* ContentView.swift in Sources */,
			);
			runOnlyForDeploymentPostprocessing = 0;
		};
/* End PBXSourcesBuildPhase section */

/* Begin PBXVariantGroup section */
		C1AA17C524C7706A00C9D01B /* LaunchScreen.storyboard */ = {
			isa = PBXVariantGroup;
			children = (
				C1AA17C624C7706A00C9D01B /* Base */,
			);
			name = LaunchScreen.storyboard;
			sourceTree = "<group>";
		};
/* End PBXVariantGroup section */

/* Begin XCBuildConfiguration section */
		C1AA17C924C7706A00C9D01B /* Debug */ = {
			isa = XCBuildConfiguration;
			buildSettings = {
				ALWAYS_SEARCH_USER_PATHS = NO;
				CLANG_ANALYZER_NONNULL = YES;
				CLANG_ANALYZER_NUMBER_OBJECT_CONVERSION = YES_AGGRESSIVE;
				CLANG_CXX_LANGUAGE_STANDARD = "gnu++14";
				CLANG_CXX_LIBRARY = "libc++";
				CLANG_ENABLE_MODULES = YES;
				CLANG_ENABLE_OBJC_ARC = YES;
				CLANG_ENABLE_OBJC_WEAK = YES;
				CLANG_WARN_BLOCK_CAPTURE_AUTORELEASING = YES;
				CLANG_WARN_BOOL_CONVERSION = YES;
				CLANG_WARN_COMMA = YES;
				CLANG_WARN_CONSTANT_CONVERSION = YES;
				CLANG_WARN_DEPRECATED_OBJC_IMPLEMENTATIONS = YES;
				CLANG_WARN_DIRECT_OBJC_ISA_USAGE = YES_ERROR;
				CLANG_WARN_DOCUMENTATION_COMMENTS = YES;
				CLANG_WARN_EMPTY_BODY = YES;
				CLANG_WARN_ENUM_CONVERSION = YES;
				CLANG_WARN_INFINITE_RECURSION = YES;
				CLANG_WARN_INT_CONVERSION = YES;
				CLANG_WARN_NON_LITERAL_NULL_CONVERSION = YES;
				CLANG_WARN_OBJC_IMPLICIT_RETAIN_SELF = YES;
				CLANG_WARN_OBJC_LITERAL_CONVERSION = YES;
				CLANG_WARN_OBJC_ROOT_CLASS = YES_ERROR;
				CLANG_WARN_RANGE_LOOP_ANALYSIS = YES;
				CLANG_WARN_STRICT_PROTOTYPES = YES;
				CLANG_WARN_SUSPICIOUS_MOVE = YES;
				CLANG_WARN_UNGUARDED_AVAILABILITY = YES_AGGRESSIVE;
				CLANG_WARN_UNREACHABLE_CODE = YES;
				CLANG_WARN__DUPLICATE_METHOD_MATCH = YES;
				COPY_PHASE_STRIP = NO;
				DEBUG_INFORMATION_FORMAT = dwarf;
				ENABLE_STRICT_OBJC_MSGSEND = YES;
				ENABLE_TESTABILITY = YES;
				GCC_C_LANGUAGE_STANDARD = gnu11;
				GCC_DYNAMIC_NO_PIC = NO;
				GCC_NO_COMMON_BLOCKS = YES;
				GCC_OPTIMIZATION_LEVEL = 0;
				GCC_PREPROCESSOR_DEFINITIONS = (
					"DEBUG=1",
					"$(inherited)",
				);
				GCC_WARN_64_TO_32_BIT_CONVERSION = YES;
				GCC_WARN_ABOUT_RETURN_TYPE = YES_ERROR;
				GCC_WARN_UNDECLARED_SELECTOR = YES;
				GCC_WARN_UNINITIALIZED_AUTOS = YES_AGGRESSIVE;
				GCC_WARN_UNUSED_FUNCTION = YES;
				GCC_WARN_UNUSED_VARIABLE = YES;
				IPHONEOS_DEPLOYMENT_TARGET = 13.6;
				MTL_ENABLE_DEBUG_INFO = INCLUDE_SOURCE;
				MTL_FAST_MATH = YES;
				ONLY_ACTIVE_ARCH = YES;
				SDKROOT = iphoneos;
				SWIFT_ACTIVE_COMPILATION_CONDITIONS = DEBUG;
				SWIFT_OPTIMIZATION_LEVEL = "-Onone";
			};
			name = Debug;
		};
		C1AA17CA24C7706A00C9D01B /* Release */ = {
			isa = XCBuildConfiguration;
			buildSettings = {
				ALWAYS_SEARCH_USER_PATHS = NO;
				CLANG_ANALYZER_NONNULL = YES;
				CLANG_ANALYZER_NUMBER_OBJECT_CONVERSION = YES_AGGRESSIVE;
				CLANG_CXX_LANGUAGE_STANDARD = "gnu++14";
				CLANG_CXX_LIBRARY = "libc++";
				CLANG_ENABLE_MODULES = YES;
				CLANG_ENABLE_OBJC_ARC = YES;
				CLANG_ENABLE_OBJC_WEAK = YES;
				CLANG_WARN_BLOCK_CAPTURE_AUTORELEASING = YES;
				CLANG_WARN_BOOL_CONVERSION = YES;
				CLANG_WARN_COMMA = YES;
				CLANG_WARN_CONSTANT_CONVERSION = YES;
				CLANG_WARN_DEPRECATED_OBJC_IMPLEMENTATIONS = YES;
				CLANG_WARN_DIRECT_OBJC_ISA_USAGE = YES_ERROR;
				CLANG_WARN_DOCUMENTATION_COMMENTS = YES;
				CLANG_WARN_EMPTY_BODY = YES;
				CLANG_WARN_ENUM_CONVERSION = YES;
				CLANG_WARN_INFINITE_RECURSION = YES;
				CLANG_WARN_INT_CONVERSION = YES;
				CLANG_WARN_NON_LITERAL_NULL_CONVERSION = YES;
				CLANG_WARN_OBJC_IMPLICIT_RETAIN_SELF = YES;
				CLANG_WARN_OBJC_LITERAL_CONVERSION = YES;
				CLANG_WARN_OBJC_ROOT_CLASS = YES_ERROR;
				CLANG_WARN_RANGE_LOOP_ANALYSIS = YES;
				CLANG_WARN_STRICT_PROTOTYPES = YES;
				CLANG_WARN_SUSPICIOUS_MOVE = YES;
				CLANG_WARN_UNGUARDED_AVAILABILITY = YES_AGGRESSIVE;
				CLANG_WARN_UNREACHABLE_CODE = YES;
				CLANG_WARN__DUPLICATE_METHOD_MATCH = YES;
				COPY_PHASE_STRIP = NO;
				DEBUG_INFORMATION_FORMAT = "dwarf-with-dsym";
				ENABLE_NS_ASSERTIONS = NO;
				ENABLE_STRICT_OBJC_MSGSEND = YES;
				GCC_C_LANGUAGE_STANDARD = gnu11;
				GCC_NO_COMMON_BLOCKS = YES;
				GCC_WARN_64_TO_32_BIT_CONVERSION = YES;
				GCC_WARN_ABOUT_RETURN_TYPE = YES_ERROR;
				GCC_WARN_UNDECLARED_SELECTOR = YES;
				GCC_WARN_UNINITIALIZED_AUTOS = YES_AGGRESSIVE;
				GCC_WARN_UNUSED_FUNCTION = YES;
				GCC_WARN_UNUSED_VARIABLE = YES;
				IPHONEOS_DEPLOYMENT_TARGET = 13.6;
				MTL_ENABLE_DEBUG_INFO = NO;
				MTL_FAST_MATH = YES;
				SDKROOT = iphoneos;
				SWIFT_COMPILATION_MODE = wholemodule;
				SWIFT_OPTIMIZATION_LEVEL = "-O";
				VALIDATE_PRODUCT = YES;
			};
			name = Release;
		};
		C1AA17CC24C7706A00C9D01B /* Debug */ = {
			isa = XCBuildConfiguration;
			buildSettings = {
				ASSETCATALOG_COMPILER_APPICON_NAME = AppIcon;
				CODE_SIGN_STYLE = Automatic;
				DEVELOPMENT_ASSET_PATHS = "\"scrollablecities/Preview Content\"";
				ENABLE_PREVIEWS = YES;
				INFOPLIST_FILE = scrollablecities/Info.plist;
				LD_RUNPATH_SEARCH_PATHS = (
					"$(inherited)",
					"@executable_path/Frameworks",
				);
				PRODUCT_BUNDLE_IDENTIFIER = "com.aditi.ios-apps.scrollablecities";
				PRODUCT_NAME = "$(TARGET_NAME)";
				SWIFT_VERSION = 5.0;
				TARGETED_DEVICE_FAMILY = "1,2";
			};
			name = Debug;
		};
		C1AA17CD24C7706A00C9D01B /* Release */ = {
			isa = XCBuildConfiguration;
			buildSettings = {
				ASSETCATALOG_COMPILER_APPICON_NAME = AppIcon;
				CODE_SIGN_STYLE = Automatic;
				DEVELOPMENT_ASSET_PATHS = "\"scrollablecities/Preview Content\"";
				ENABLE_PREVIEWS = YES;
				INFOPLIST_FILE = scrollablecities/Info.plist;
				LD_RUNPATH_SEARCH_PATHS = (
					"$(inherited)",
					"@executable_path/Frameworks",
				);
				PRODUCT_BUNDLE_IDENTIFIER = "com.aditi.ios-apps.scrollablecities";
				PRODUCT_NAME = "$(TARGET_NAME)";
				SWIFT_VERSION = 5.0;
				TARGETED_DEVICE_FAMILY = "1,2";
			};
			name = Release;
		};
/* End XCBuildConfiguration section */

/* Begin XCConfigurationList section */
		C1AA17B224C7706900C9D01B /* Build configuration list for PBXProject "scrollablecities" */ = {
			isa = XCConfigurationList;
			buildConfigurations = (
				C1AA17C924C7706A00C9D01B /* Debug */,
				C1AA17CA24C7706A00C9D01B /* Release */,
			);
			defaultConfigurationIsVisible = 0;
			defaultConfigurationName = Release;
		};
		C1AA17CB24C7706A00C9D01B /* Build configuration list for PBXNativeTarget "scrollablecities" */ = {
			isa = XCConfigurationList;
			buildConfigurations = (
				C1AA17CC24C7706A00C9D01B /* Debug */,
				C1AA17CD24C7706A00C9D01B /* Release */,
			);
			defaultConfigurationIsVisible = 0;
			defaultConfigurationName = Release;
		};
/* End XCConfigurationList section */
	};
	rootObject = C1AA17AF24C7706900C9D01B /* Project object */;
}
